// !$*UTF8*$!
{
	archiveVersion = 1;
	classes = {
	};
	objectVersion = 50;
	objects = {

/* Begin PBXBuildFile section */
		56ADCDF125FF935800FCD7E1 /* AppDelegate.swift in Sources */ = {isa = PBXBuildFile; fileRef = 56ADCDF025FF935800FCD7E1 /* AppDelegate.swift */; };
		56ADCDF325FF935800FCD7E1 /* SceneDelegate.swift in Sources */ = {isa = PBXBuildFile; fileRef = 56ADCDF225FF935800FCD7E1 /* SceneDelegate.swift */; };
		56ADCDF525FF935800FCD7E1 /* ViewController.swift in Sources */ = {isa = PBXBuildFile; fileRef = 56ADCDF425FF935800FCD7E1 /* ViewController.swift */; };
		56ADCDF825FF935800FCD7E1 /* Main.storyboard in Resources */ = {isa = PBXBuildFile; fileRef = 56ADCDF625FF935800FCD7E1 /* Main.storyboard */; };
		56ADCDFB25FF935800FCD7E1 /* MyntraAssignment.xcdatamodeld in Sources */ = {isa = PBXBuildFile; fileRef = 56ADCDF925FF935800FCD7E1 /* MyntraAssignment.xcdatamodeld */; };
		56ADCDFD25FF935D00FCD7E1 /* Assets.xcassets in Resources */ = {isa = PBXBuildFile; fileRef = 56ADCDFC25FF935D00FCD7E1 /* Assets.xcassets */; };
		56ADCE0025FF935D00FCD7E1 /* LaunchScreen.storyboard in Resources */ = {isa = PBXBuildFile; fileRef = 56ADCDFE25FF935D00FCD7E1 /* LaunchScreen.storyboard */; };
		56ADCE0B25FF935D00FCD7E1 /* MyntraAssignmentTests.swift in Sources */ = {isa = PBXBuildFile; fileRef = 56ADCE0A25FF935D00FCD7E1 /* MyntraAssignmentTests.swift */; };
		56ADCE1625FF935D00FCD7E1 /* MyntraAssignmentUITests.swift in Sources */ = {isa = PBXBuildFile; fileRef = 56ADCE1525FF935D00FCD7E1 /* MyntraAssignmentUITests.swift */; };
/* End PBXBuildFile section */

/* Begin PBXContainerItemProxy section */
		56ADCE0725FF935D00FCD7E1 /* PBXContainerItemProxy */ = {
			isa = PBXContainerItemProxy;
			containerPortal = 56ADCDE525FF935800FCD7E1 /* Project object */;
			proxyType = 1;
			remoteGlobalIDString = 56ADCDEC25FF935800FCD7E1;
			remoteInfo = MyntraAssignment;
		};
		56ADCE1225FF935D00FCD7E1 /* PBXContainerItemProxy */ = {
			isa = PBXContainerItemProxy;
			containerPortal = 56ADCDE525FF935800FCD7E1 /* Project object */;
			proxyType = 1;
			remoteGlobalIDString = 56ADCDEC25FF935800FCD7E1;
			remoteInfo = MyntraAssignment;
		};
/* End PBXContainerItemProxy section */

/* Begin PBXFileReference section */
		56ADCDED25FF935800FCD7E1 /* MyntraAssignment.app */ = {isa = PBXFileReference; explicitFileType = wrapper.application; includeInIndex = 0; path = MyntraAssignment.app; sourceTree = BUILT_PRODUCTS_DIR; };
		56ADCDF025FF935800FCD7E1 /* AppDelegate.swift */ = {isa = PBXFileReference; lastKnownFileType = sourcecode.swift; path = AppDelegate.swift; sourceTree = "<group>"; };
		56ADCDF225FF935800FCD7E1 /* SceneDelegate.swift */ = {isa = PBXFileReference; lastKnownFileType = sourcecode.swift; path = SceneDelegate.swift; sourceTree = "<group>"; };
		56ADCDF425FF935800FCD7E1 /* ViewController.swift */ = {isa = PBXFileReference; lastKnownFileType = sourcecode.swift; path = ViewController.swift; sourceTree = "<group>"; };
		56ADCDF725FF935800FCD7E1 /* Base */ = {isa = PBXFileReference; lastKnownFileType = file.storyboard; name = Base; path = Base.lproj/Main.storyboard; sourceTree = "<group>"; };
		56ADCDFA25FF935800FCD7E1 /* MyntraAssignment.xcdatamodel */ = {isa = PBXFileReference; lastKnownFileType = wrapper.xcdatamodel; path = MyntraAssignment.xcdatamodel; sourceTree = "<group>"; };
		56ADCDFC25FF935D00FCD7E1 /* Assets.xcassets */ = {isa = PBXFileReference; lastKnownFileType = folder.assetcatalog; path = Assets.xcassets; sourceTree = "<group>"; };
		56ADCDFF25FF935D00FCD7E1 /* Base */ = {isa = PBXFileReference; lastKnownFileType = file.storyboard; name = Base; path = Base.lproj/LaunchScreen.storyboard; sourceTree = "<group>"; };
		56ADCE0125FF935D00FCD7E1 /* Info.plist */ = {isa = PBXFileReference; lastKnownFileType = text.plist.xml; path = Info.plist; sourceTree = "<group>"; };
		56ADCE0625FF935D00FCD7E1 /* MyntraAssignmentTests.xctest */ = {isa = PBXFileReference; explicitFileType = wrapper.cfbundle; includeInIndex = 0; path = MyntraAssignmentTests.xctest; sourceTree = BUILT_PRODUCTS_DIR; };
		56ADCE0A25FF935D00FCD7E1 /* MyntraAssignmentTests.swift */ = {isa = PBXFileReference; lastKnownFileType = sourcecode.swift; path = MyntraAssignmentTests.swift; sourceTree = "<group>"; };
		56ADCE0C25FF935D00FCD7E1 /* Info.plist */ = {isa = PBXFileReference; lastKnownFileType = text.plist.xml; path = Info.plist; sourceTree = "<group>"; };
		56ADCE1125FF935D00FCD7E1 /* MyntraAssignmentUITests.xctest */ = {isa = PBXFileReference; explicitFileType = wrapper.cfbundle; includeInIndex = 0; path = MyntraAssignmentUITests.xctest; sourceTree = BUILT_PRODUCTS_DIR; };
		56ADCE1525FF935D00FCD7E1 /* MyntraAssignmentUITests.swift */ = {isa = PBXFileReference; lastKnownFileType = sourcecode.swift; path = MyntraAssignmentUITests.swift; sourceTree = "<group>"; };
		56ADCE1725FF935D00FCD7E1 /* Info.plist */ = {isa = PBXFileReference; lastKnownFileType = text.plist.xml; path = Info.plist; sourceTree = "<group>"; };
/* End PBXFileReference section */

/* Begin PBXFrameworksBuildPhase section */
		56ADCDEA25FF935800FCD7E1 /* Frameworks */ = {
			isa = PBXFrameworksBuildPhase;
			buildActionMask = 2147483647;
			files = (
			);
			runOnlyForDeploymentPostprocessing = 0;
		};
		56ADCE0325FF935D00FCD7E1 /* Frameworks */ = {
			isa = PBXFrameworksBuildPhase;
			buildActionMask = 2147483647;
			files = (
			);
			runOnlyForDeploymentPostprocessing = 0;
		};
		56ADCE0E25FF935D00FCD7E1 /* Frameworks */ = {
			isa = PBXFrameworksBuildPhase;
			buildActionMask = 2147483647;
			files = (
			);
			runOnlyForDeploymentPostprocessing = 0;
		};
/* End PBXFrameworksBuildPhase section */

/* Begin PBXGroup section */
		56ADCDE425FF935800FCD7E1 = {
			isa = PBXGroup;
			children = (
				56ADCDEF25FF935800FCD7E1 /* MyntraAssignment */,
				56ADCE0925FF935D00FCD7E1 /* MyntraAssignmentTests */,
				56ADCE1425FF935D00FCD7E1 /* MyntraAssignmentUITests */,
				56ADCDEE25FF935800FCD7E1 /* Products */,
			);
			sourceTree = "<group>";
		};
		56ADCDEE25FF935800FCD7E1 /* Products */ = {
			isa = PBXGroup;
			children = (
				56ADCDED25FF935800FCD7E1 /* MyntraAssignment.app */,
				56ADCE0625FF935D00FCD7E1 /* MyntraAssignmentTests.xctest */,
				56ADCE1125FF935D00FCD7E1 /* MyntraAssignmentUITests.xctest */,
			);
			name = Products;
			sourceTree = "<group>";
		};
		56ADCDEF25FF935800FCD7E1 /* MyntraAssignment */ = {
			isa = PBXGroup;
			children = (
				56ADCDF025FF935800FCD7E1 /* AppDelegate.swift */,
				56ADCDF225FF935800FCD7E1 /* SceneDelegate.swift */,
				56ADCDF425FF935800FCD7E1 /* ViewController.swift */,
				56ADCDF625FF935800FCD7E1 /* Main.storyboard */,
				56ADCDFC25FF935D00FCD7E1 /* Assets.xcassets */,
				56ADCDFE25FF935D00FCD7E1 /* LaunchScreen.storyboard */,
				56ADCE0125FF935D00FCD7E1 /* Info.plist */,
				56ADCDF925FF935800FCD7E1 /* MyntraAssignment.xcdatamodeld */,
			);
			path = MyntraAssignment;
			sourceTree = "<group>";
		};
		56ADCE0925FF935D00FCD7E1 /* MyntraAssignmentTests */ = {
			isa = PBXGroup;
			children = (
				56ADCE0A25FF935D00FCD7E1 /* MyntraAssignmentTests.swift */,
				56ADCE0C25FF935D00FCD7E1 /* Info.plist */,
			);
			path = MyntraAssignmentTests;
			sourceTree = "<group>";
		};
		56ADCE1425FF935D00FCD7E1 /* MyntraAssignmentUITests */ = {
			isa = PBXGroup;
			children = (
				56ADCE1525FF935D00FCD7E1 /* MyntraAssignmentUITests.swift */,
				56ADCE1725FF935D00FCD7E1 /* Info.plist */,
			);
			path = MyntraAssignmentUITests;
			sourceTree = "<group>";
		};
/* End PBXGroup section */

/* Begin PBXNativeTarget section */
		56ADCDEC25FF935800FCD7E1 /* MyntraAssignment */ = {
			isa = PBXNativeTarget;
			buildConfigurationList = 56ADCE1A25FF935D00FCD7E1 /* Build configuration list for PBXNativeTarget "MyntraAssignment" */;
			buildPhases = (
				56ADCDE925FF935800FCD7E1 /* Sources */,
				56ADCDEA25FF935800FCD7E1 /* Frameworks */,
				56ADCDEB25FF935800FCD7E1 /* Resources */,
			);
			buildRules = (
			);
			dependencies = (
			);
			name = MyntraAssignment;
			productName = MyntraAssignment;
			productReference = 56ADCDED25FF935800FCD7E1 /* MyntraAssignment.app */;
			productType = "com.apple.product-type.application";
		};
		56ADCE0525FF935D00FCD7E1 /* MyntraAssignmentTests */ = {
			isa = PBXNativeTarget;
			buildConfigurationList = 56ADCE1D25FF935D00FCD7E1 /* Build configuration list for PBXNativeTarget "MyntraAssignmentTests" */;
			buildPhases = (
				56ADCE0225FF935D00FCD7E1 /* Sources */,
				56ADCE0325FF935D00FCD7E1 /* Frameworks */,
				56ADCE0425FF935D00FCD7E1 /* Resources */,
			);
			buildRules = (
			);
			dependencies = (
				56ADCE0825FF935D00FCD7E1 /* PBXTargetDependency */,
			);
			name = MyntraAssignmentTests;
			productName = MyntraAssignmentTests;
			productReference = 56ADCE0625FF935D00FCD7E1 /* MyntraAssignmentTests.xctest */;
			productType = "com.apple.product-type.bundle.unit-test";
		};
		56ADCE1025FF935D00FCD7E1 /* MyntraAssignmentUITests */ = {
			isa = PBXNativeTarget;
			buildConfigurationList = 56ADCE2025FF935D00FCD7E1 /* Build configuration list for PBXNativeTarget "MyntraAssignmentUITests" */;
			buildPhases = (
				56ADCE0D25FF935D00FCD7E1 /* Sources */,
				56ADCE0E25FF935D00FCD7E1 /* Frameworks */,
				56ADCE0F25FF935D00FCD7E1 /* Resources */,
			);
			buildRules = (
			);
			dependencies = (
				56ADCE1325FF935D00FCD7E1 /* PBXTargetDependency */,
			);
			name = MyntraAssignmentUITests;
			productName = MyntraAssignmentUITests;
			productReference = 56ADCE1125FF935D00FCD7E1 /* MyntraAssignmentUITests.xctest */;
			productType = "com.apple.product-type.bundle.ui-testing";
		};
/* End PBXNativeTarget section */

/* Begin PBXProject section */
		56ADCDE525FF935800FCD7E1 /* Project object */ = {
			isa = PBXProject;
			attributes = {
				LastSwiftUpdateCheck = 1230;
				LastUpgradeCheck = 1230;
				TargetAttributes = {
					56ADCDEC25FF935800FCD7E1 = {
						CreatedOnToolsVersion = 12.3;
					};
					56ADCE0525FF935D00FCD7E1 = {
						CreatedOnToolsVersion = 12.3;
						TestTargetID = 56ADCDEC25FF935800FCD7E1;
					};
					56ADCE1025FF935D00FCD7E1 = {
						CreatedOnToolsVersion = 12.3;
						TestTargetID = 56ADCDEC25FF935800FCD7E1;
					};
				};
			};
			buildConfigurationList = 56ADCDE825FF935800FCD7E1 /* Build configuration list for PBXProject "MyntraAssignment" */;
			compatibilityVersion = "Xcode 9.3";
			developmentRegion = en;
			hasScannedForEncodings = 0;
			knownRegions = (
				en,
				Base,
			);
			mainGroup = 56ADCDE425FF935800FCD7E1;
			productRefGroup = 56ADCDEE25FF935800FCD7E1 /* Products */;
			projectDirPath = "";
			projectRoot = "";
			targets = (
				56ADCDEC25FF935800FCD7E1 /* MyntraAssignment */,
				56ADCE0525FF935D00FCD7E1 /* MyntraAssignmentTests */,
				56ADCE1025FF935D00FCD7E1 /* MyntraAssignmentUITests */,
			);
		};
/* End PBXProject section */

/* Begin PBXResourcesBuildPhase section */
		56ADCDEB25FF935800FCD7E1 /* Resources */ = {
			isa = PBXResourcesBuildPhase;
			buildActionMask = 2147483647;
			files = (
				56ADCE0025FF935D00FCD7E1 /* LaunchScreen.storyboard in Resources */,
				56ADCDFD25FF935D00FCD7E1 /* Assets.xcassets in Resources */,
				56ADCDF825FF935800FCD7E1 /* Main.storyboard in Resources */,
			);
			runOnlyForDeploymentPostprocessing = 0;
		};
		56ADCE0425FF935D00FCD7E1 /* Resources */ = {
			isa = PBXResourcesBuildPhase;
			buildActionMask = 2147483647;
			files = (
			);
			runOnlyForDeploymentPostprocessing = 0;
		};
		56ADCE0F25FF935D00FCD7E1 /* Resources */ = {
			isa = PBXResourcesBuildPhase;
			buildActionMask = 2147483647;
			files = (
			);
			runOnlyForDeploymentPostprocessing = 0;
		};
/* End PBXResourcesBuildPhase section */

/* Begin PBXSourcesBuildPhase section */
		56ADCDE925FF935800FCD7E1 /* Sources */ = {
			isa = PBXSourcesBuildPhase;
			buildActionMask = 2147483647;
			files = (
				56ADCDF525FF935800FCD7E1 /* ViewController.swift in Sources */,
				56ADCDFB25FF935800FCD7E1 /* MyntraAssignment.xcdatamodeld in Sources */,
				56ADCDF125FF935800FCD7E1 /* AppDelegate.swift in Sources */,
				56ADCDF325FF935800FCD7E1 /* SceneDelegate.swift in Sources */,
			);
			runOnlyForDeploymentPostprocessing = 0;
		};
		56ADCE0225FF935D00FCD7E1 /* Sources */ = {
			isa = PBXSourcesBuildPhase;
			buildActionMask = 2147483647;
			files = (
				56ADCE0B25FF935D00FCD7E1 /* MyntraAssignmentTests.swift in Sources */,
			);
			runOnlyForDeploymentPostprocessing = 0;
		};
		56ADCE0D25FF935D00FCD7E1 /* Sources */ = {
			isa = PBXSourcesBuildPhase;
			buildActionMask = 2147483647;
			files = (
				56ADCE1625FF935D00FCD7E1 /* MyntraAssignmentUITests.swift in Sources */,
			);
			runOnlyForDeploymentPostprocessing = 0;
		};
/* End PBXSourcesBuildPhase section */

/* Begin PBXTargetDependency section */
		56ADCE0825FF935D00FCD7E1 /* PBXTargetDependency */ = {
			isa = PBXTargetDependency;
			target = 56ADCDEC25FF935800FCD7E1 /* MyntraAssignment */;
			targetProxy = 56ADCE0725FF935D00FCD7E1 /* PBXContainerItemProxy */;
		};
		56ADCE1325FF935D00FCD7E1 /* PBXTargetDependency */ = {
			isa = PBXTargetDependency;
			target = 56ADCDEC25FF935800FCD7E1 /* MyntraAssignment */;
			targetProxy = 56ADCE1225FF935D00FCD7E1 /* PBXContainerItemProxy */;
		};
/* End PBXTargetDependency section */

/* Begin PBXVariantGroup section */
		56ADCDF625FF935800FCD7E1 /* Main.storyboard */ = {
			isa = PBXVariantGroup;
			children = (
				56ADCDF725FF935800FCD7E1 /* Base */,
			);
			name = Main.storyboard;
			sourceTree = "<group>";
		};
		56ADCDFE25FF935D00FCD7E1 /* LaunchScreen.storyboard */ = {
			isa = PBXVariantGroup;
			children = (
				56ADCDFF25FF935D00FCD7E1 /* Base */,
			);
			name = LaunchScreen.storyboard;
			sourceTree = "<group>";
		};
/* End PBXVariantGroup section */

/* Begin XCBuildConfiguration section */
		56ADCE1825FF935D00FCD7E1 /* Debug */ = {
			isa = XCBuildConfiguration;
			buildSettings = {
				ALWAYS_SEARCH_USER_PATHS = NO;
				CLANG_ANALYZER_NONNULL = YES;
				CLANG_ANALYZER_NUMBER_OBJECT_CONVERSION = YES_AGGRESSIVE;
				CLANG_CXX_LANGUAGE_STANDARD = "gnu++14";
				CLANG_CXX_LIBRARY = "libc++";
				CLANG_ENABLE_MODULES = YES;
				CLANG_ENABLE_OBJC_ARC = YES;
				CLANG_ENABLE_OBJC_WEAK = YES;
				CLANG_WARN_BLOCK_CAPTURE_AUTORELEASING = YES;
				CLANG_WARN_BOOL_CONVERSION = YES;
				CLANG_WARN_COMMA = YES;
				CLANG_WARN_CONSTANT_CONVERSION = YES;
				CLANG_WARN_DEPRECATED_OBJC_IMPLEMENTATIONS = YES;
				CLANG_WARN_DIRECT_OBJC_ISA_USAGE = YES_ERROR;
				CLANG_WARN_DOCUMENTATION_COMMENTS = YES;
				CLANG_WARN_EMPTY_BODY = YES;
				CLANG_WARN_ENUM_CONVERSION = YES;
				CLANG_WARN_INFINITE_RECURSION = YES;
				CLANG_WARN_INT_CONVERSION = YES;
				CLANG_WARN_NON_LITERAL_NULL_CONVERSION = YES;
				CLANG_WARN_OBJC_IMPLICIT_RETAIN_SELF = YES;
				CLANG_WARN_OBJC_LITERAL_CONVERSION = YES;
				CLANG_WARN_OBJC_ROOT_CLASS = YES_ERROR;
				CLANG_WARN_QUOTED_INCLUDE_IN_FRAMEWORK_HEADER = YES;
				CLANG_WARN_RANGE_LOOP_ANALYSIS = YES;
				CLANG_WARN_STRICT_PROTOTYPES = YES;
				CLANG_WARN_SUSPICIOUS_MOVE = YES;
				CLANG_WARN_UNGUARDED_AVAILABILITY = YES_AGGRESSIVE;
				CLANG_WARN_UNREACHABLE_CODE = YES;
				CLANG_WARN__DUPLICATE_METHOD_MATCH = YES;
				COPY_PHASE_STRIP = NO;
				DEBUG_INFORMATION_FORMAT = dwarf;
				ENABLE_STRICT_OBJC_MSGSEND = YES;
				ENABLE_TESTABILITY = YES;
				GCC_C_LANGUAGE_STANDARD = gnu11;
				GCC_DYNAMIC_NO_PIC = NO;
				GCC_NO_COMMON_BLOCKS = YES;
				GCC_OPTIMIZATION_LEVEL = 0;
				GCC_PREPROCESSOR_DEFINITIONS = (
					"DEBUG=1",
					"$(inherited)",
				);
				GCC_WARN_64_TO_32_BIT_CONVERSION = YES;
				GCC_WARN_ABOUT_RETURN_TYPE = YES_ERROR;
				GCC_WARN_UNDECLARED_SELECTOR = YES;
				GCC_WARN_UNINITIALIZED_AUTOS = YES_AGGRESSIVE;
				GCC_WARN_UNUSED_FUNCTION = YES;
				GCC_WARN_UNUSED_VARIABLE = YES;
				IPHONEOS_DEPLOYMENT_TARGET = 14.3;
				MTL_ENABLE_DEBUG_INFO = INCLUDE_SOURCE;
				MTL_FAST_MATH = YES;
				ONLY_ACTIVE_ARCH = YES;
				SDKROOT = iphoneos;
				SWIFT_ACTIVE_COMPILATION_CONDITIONS = DEBUG;
				SWIFT_OPTIMIZATION_LEVEL = "-Onone";
			};
			name = Debug;
		};
		56ADCE1925FF935D00FCD7E1 /* Release */ = {
			isa = XCBuildConfiguration;
			buildSettings = {
				ALWAYS_SEARCH_USER_PATHS = NO;
				CLANG_ANALYZER_NONNULL = YES;
				CLANG_ANALYZER_NUMBER_OBJECT_CONVERSION = YES_AGGRESSIVE;
				CLANG_CXX_LANGUAGE_STANDARD = "gnu++14";
				CLANG_CXX_LIBRARY = "libc++";
				CLANG_ENABLE_MODULES = YES;
				CLANG_ENABLE_OBJC_ARC = YES;
				CLANG_ENABLE_OBJC_WEAK = YES;
				CLANG_WARN_BLOCK_CAPTURE_AUTORELEASING = YES;
				CLANG_WARN_BOOL_CONVERSION = YES;
				CLANG_WARN_COMMA = YES;
				CLANG_WARN_CONSTANT_CONVERSION = YES;
				CLANG_WARN_DEPRECATED_OBJC_IMPLEMENTATIONS = YES;
				CLANG_WARN_DIRECT_OBJC_ISA_USAGE = YES_ERROR;
				CLANG_WARN_DOCUMENTATION_COMMENTS = YES;
				CLANG_WARN_EMPTY_BODY = YES;
				CLANG_WARN_ENUM_CONVERSION = YES;
				CLANG_WARN_INFINITE_RECURSION = YES;
				CLANG_WARN_INT_CONVERSION = YES;
				CLANG_WARN_NON_LITERAL_NULL_CONVERSION = YES;
				CLANG_WARN_OBJC_IMPLICIT_RETAIN_SELF = YES;
				CLANG_WARN_OBJC_LITERAL_CONVERSION = YES;
				CLANG_WARN_OBJC_ROOT_CLASS = YES_ERROR;
				CLANG_WARN_QUOTED_INCLUDE_IN_FRAMEWORK_HEADER = YES;
				CLANG_WARN_RANGE_LOOP_ANALYSIS = YES;
				CLANG_WARN_STRICT_PROTOTYPES = YES;
				CLANG_WARN_SUSPICIOUS_MOVE = YES;
				CLANG_WARN_UNGUARDED_AVAILABILITY = YES_AGGRESSIVE;
				CLANG_WARN_UNREACHABLE_CODE = YES;
				CLANG_WARN__DUPLICATE_METHOD_MATCH = YES;
				COPY_PHASE_STRIP = NO;
				DEBUG_INFORMATION_FORMAT = "dwarf-with-dsym";
				ENABLE_NS_ASSERTIONS = NO;
				ENABLE_STRICT_OBJC_MSGSEND = YES;
				GCC_C_LANGUAGE_STANDARD = gnu11;
				GCC_NO_COMMON_BLOCKS = YES;
				GCC_WARN_64_TO_32_BIT_CONVERSION = YES;
				GCC_WARN_ABOUT_RETURN_TYPE = YES_ERROR;
				GCC_WARN_UNDECLARED_SELECTOR = YES;
				GCC_WARN_UNINITIALIZED_AUTOS = YES_AGGRESSIVE;
				GCC_WARN_UNUSED_FUNCTION = YES;
				GCC_WARN_UNUSED_VARIABLE = YES;
				IPHONEOS_DEPLOYMENT_TARGET = 14.3;
				MTL_ENABLE_DEBUG_INFO = NO;
				MTL_FAST_MATH = YES;
				SDKROOT = iphoneos;
				SWIFT_COMPILATION_MODE = wholemodule;
				SWIFT_OPTIMIZATION_LEVEL = "-O";
				VALIDATE_PRODUCT = YES;
			};
			name = Release;
		};
		56ADCE1B25FF935D00FCD7E1 /* Debug */ = {
			isa = XCBuildConfiguration;
			buildSettings = {
				ASSETCATALOG_COMPILER_APPICON_NAME = AppIcon;
				ASSETCATALOG_COMPILER_GLOBAL_ACCENT_COLOR_NAME = AccentColor;
				CODE_SIGN_STYLE = Automatic;
				DEVELOPMENT_TEAM = CT64778YX4;
				INFOPLIST_FILE = MyntraAssignment/Info.plist;
				LD_RUNPATH_SEARCH_PATHS = (
					"$(inherited)",
					"@executable_path/Frameworks",
				);
				PRODUCT_BUNDLE_IDENTIFIER = com.prince.MyntraAssignment;
				PRODUCT_NAME = "$(TARGET_NAME)";
				SWIFT_VERSION = 5.0;
				TARGETED_DEVICE_FAMILY = "1,2";
			};
			name = Debug;
		};
		56ADCE1C25FF935D00FCD7E1 /* Release */ = {
			isa = XCBuildConfiguration;
			buildSettings = {
				ASSETCATALOG_COMPILER_APPICON_NAME = AppIcon;
				ASSETCATALOG_COMPILER_GLOBAL_ACCENT_COLOR_NAME = AccentColor;
				CODE_SIGN_STYLE = Automatic;
				DEVELOPMENT_TEAM = CT64778YX4;
				INFOPLIST_FILE = MyntraAssignment/Info.plist;
				LD_RUNPATH_SEARCH_PATHS = (
					"$(inherited)",
					"@executable_path/Frameworks",
				);
				PRODUCT_BUNDLE_IDENTIFIER = com.prince.MyntraAssignment;
				PRODUCT_NAME = "$(TARGET_NAME)";
				SWIFT_VERSION = 5.0;
				TARGETED_DEVICE_FAMILY = "1,2";
			};
			name = Release;
		};
		56ADCE1E25FF935D00FCD7E1 /* Debug */ = {
			isa = XCBuildConfiguration;
			buildSettings = {
				ALWAYS_EMBED_SWIFT_STANDARD_LIBRARIES = YES;
				BUNDLE_LOADER = "$(TEST_HOST)";
				CODE_SIGN_STYLE = Automatic;
				DEVELOPMENT_TEAM = CT64778YX4;
				INFOPLIST_FILE = MyntraAssignmentTests/Info.plist;
				IPHONEOS_DEPLOYMENT_TARGET = 14.3;
				LD_RUNPATH_SEARCH_PATHS = (
					"$(inherited)",
					"@executable_path/Frameworks",
					"@loader_path/Frameworks",
				);
				PRODUCT_BUNDLE_IDENTIFIER = com.prince.MyntraAssignmentTests;
				PRODUCT_NAME = "$(TARGET_NAME)";
				SWIFT_VERSION = 5.0;
				TARGETED_DEVICE_FAMILY = "1,2";
				TEST_HOST = "$(BUILT_PRODUCTS_DIR)/MyntraAssignment.app/MyntraAssignment";
			};
			name = Debug;
		};
		56ADCE1F25FF935D00FCD7E1 /* Release */ = {
			isa = XCBuildConfiguration;
			buildSettings = {
				ALWAYS_EMBED_SWIFT_STANDARD_LIBRARIES = YES;
				BUNDLE_LOADER = "$(TEST_HOST)";
				CODE_SIGN_STYLE = Automatic;
				DEVELOPMENT_TEAM = CT64778YX4;
				INFOPLIST_FILE = MyntraAssignmentTests/Info.plist;
				IPHONEOS_DEPLOYMENT_TARGET = 14.3;
				LD_RUNPATH_SEARCH_PATHS = (
					"$(inherited)",
					"@executable_path/Frameworks",
					"@loader_path/Frameworks",
				);
				PRODUCT_BUNDLE_IDENTIFIER = com.prince.MyntraAssignmentTests;
				PRODUCT_NAME = "$(TARGET_NAME)";
				SWIFT_VERSION = 5.0;
				TARGETED_DEVICE_FAMILY = "1,2";
				TEST_HOST = "$(BUILT_PRODUCTS_DIR)/MyntraAssignment.app/MyntraAssignment";
			};
			name = Release;
		};
		56ADCE2125FF935D00FCD7E1 /* Debug */ = {
			isa = XCBuildConfiguration;
			buildSettings = {
				ALWAYS_EMBED_SWIFT_STANDARD_LIBRARIES = YES;
				CODE_SIGN_STYLE = Automatic;
				DEVELOPMENT_TEAM = CT64778YX4;
				INFOPLIST_FILE = MyntraAssignmentUITests/Info.plist;
				LD_RUNPATH_SEARCH_PATHS = (
					"$(inherited)",
					"@executable_path/Frameworks",
					"@loader_path/Frameworks",
				);
				PRODUCT_BUNDLE_IDENTIFIER = com.prince.MyntraAssignmentUITests;
				PRODUCT_NAME = "$(TARGET_NAME)";
				SWIFT_VERSION = 5.0;
				TARGETED_DEVICE_FAMILY = "1,2";
				TEST_TARGET_NAME = MyntraAssignment;
			};
			name = Debug;
		};
		56ADCE2225FF935D00FCD7E1 /* Release */ = {
			isa = XCBuildConfiguration;
			buildSettings = {
				ALWAYS_EMBED_SWIFT_STANDARD_LIBRARIES = YES;
				CODE_SIGN_STYLE = Automatic;
				DEVELOPMENT_TEAM = CT64778YX4;
				INFOPLIST_FILE = MyntraAssignmentUITests/Info.plist;
				LD_RUNPATH_SEARCH_PATHS = (
					"$(inherited)",
					"@executable_path/Frameworks",
					"@loader_path/Frameworks",
				);
				PRODUCT_BUNDLE_IDENTIFIER = com.prince.MyntraAssignmentUITests;
				PRODUCT_NAME = "$(TARGET_NAME)";
				SWIFT_VERSION = 5.0;
				TARGETED_DEVICE_FAMILY = "1,2";
				TEST_TARGET_NAME = MyntraAssignment;
			};
			name = Release;
		};
/* End XCBuildConfiguration section */

/* Begin XCConfigurationList section */
		56ADCDE825FF935800FCD7E1 /* Build configuration list for PBXProject "MyntraAssignment" */ = {
			isa = XCConfigurationList;
			buildConfigurations = (
				56ADCE1825FF935D00FCD7E1 /* Debug */,
				56ADCE1925FF935D00FCD7E1 /* Release */,
			);
			defaultConfigurationIsVisible = 0;
			defaultConfigurationName = Release;
		};
		56ADCE1A25FF935D00FCD7E1 /* Build configuration list for PBXNativeTarget "MyntraAssignment" */ = {
			isa = XCConfigurationList;
			buildConfigurations = (
				56ADCE1B25FF935D00FCD7E1 /* Debug */,
				56ADCE1C25FF935D00FCD7E1 /* Release */,
			);
			defaultConfigurationIsVisible = 0;
			defaultConfigurationName = Release;
		};
		56ADCE1D25FF935D00FCD7E1 /* Build configuration list for PBXNativeTarget "MyntraAssignmentTests" */ = {
			isa = XCConfigurationList;
			buildConfigurations = (
				56ADCE1E25FF935D00FCD7E1 /* Debug */,
				56ADCE1F25FF935D00FCD7E1 /* Release */,
			);
			defaultConfigurationIsVisible = 0;
			defaultConfigurationName = Release;
		};
		56ADCE2025FF935D00FCD7E1 /* Build configuration list for PBXNativeTarget "MyntraAssignmentUITests" */ = {
			isa = XCConfigurationList;
			buildConfigurations = (
				56ADCE2125FF935D00FCD7E1 /* Debug */,
				56ADCE2225FF935D00FCD7E1 /* Release */,
			);
			defaultConfigurationIsVisible = 0;
			defaultConfigurationName = Release;
		};
/* End XCConfigurationList section */

/* Begin XCVersionGroup section */
		56ADCDF925FF935800FCD7E1 /* MyntraAssignment.xcdatamodeld */ = {
			isa = XCVersionGroup;
			children = (
				56ADCDFA25FF935800FCD7E1 /* MyntraAssignment.xcdatamodel */,
			);
			currentVersion = 56ADCDFA25FF935800FCD7E1 /* MyntraAssignment.xcdatamodel */;
			path = MyntraAssignment.xcdatamodeld;
			sourceTree = "<group>";
			versionGroupType = wrapper.xcdatamodel;
		};
/* End XCVersionGroup section */
	};
	rootObject = 56ADCDE525FF935800FCD7E1 /* Project object */;
}
